
Microsoft Visual Studio Solution File, Format Version 12.00
# Visual Studio Version 17
VisualStudioVersion = 17.4.33213.308
MinimumVisualStudioVersion = 10.0.40219.1
Project("{FAE04EC0-301F-11D3-BF4B-00C04F79EFBC}") = "NetClassesLibraryApp", "NetClassesLibraryApp\NetClassesLibraryApp.csproj", "{7F9C799B-605E-46EE-B45E-C52BCFBD71BB}"
EndProject
Project("{FAE04EC0-301F-11D3-BF4B-00C04F79EFBC}") = "ClassLibrary", "ClassLibrary\ClassLibrary.csproj", "{2FD3E08E-DCCD-4207-858F-6A8FC0748377}"
EndProject
Global
	GlobalSection(SolutionConfigurationPlatforms) = preSolution
		Debug|Any CPU = Debug|Any CPU
		Release|Any CPU = Release|Any CPU
	EndGlobalSection
	GlobalSection(ProjectConfigurationPlatforms) = postSolution
		{7F9C799B-605E-46EE-B45E-C52BCFBD71BB}.Debug|Any CPU.ActiveCfg = Debug|Any CPU
		{7F9C799B-605E-46EE-B45E-C52BCFBD71BB}.Debug|Any CPU.Build.0 = Debug|Any CPU
		{7F9C799B-605E-46EE-B45E-C52BCFBD71BB}.Release|Any CPU.ActiveCfg = Release|Any CPU
		{7F9C799B-605E-46EE-B45E-C52BCFBD71BB}.Release|Any CPU.Build.0 = Release|Any CPU
		{2FD3E08E-DCCD-4207-858F-6A8FC0748377}.Debug|Any CPU.ActiveCfg = Debug|Any CPU
		{2FD3E08E-DCCD-4207-858F-6A8FC0748377}.Debug|Any CPU.Build.0 = Debug|Any CPU
		{2FD3E08E-DCCD-4207-858F-6A8FC0748377}.Release|Any CPU.ActiveCfg = Release|Any CPU
		{2FD3E08E-DCCD-4207-858F-6A8FC0748377}.Release|Any CPU.Build.0 = Release|Any CPU
	EndGlobalSection
	GlobalSection(SolutionProperties) = preSolution
		HideSolutionNode = FALSE
	EndGlobalSection
	GlobalSection(ExtensibilityGlobals) = postSolution
		SolutionGuid = {72BB8295-036D-4435-88B6-A25C11D900CC}
	EndGlobalSection
EndGlobal
